
Microsoft Visual Studio Solution File, Format Version 12.00
# Visual Studio Version 17
VisualStudioVersion = 17.1.32421.90
MinimumVisualStudioVersion = 10.0.40219.1
Project("{FAE04EC0-301F-11D3-BF4B-00C04F79EFBC}") = "ParkingPractice", "ParkingPractice\ParkingPractice.csproj", "{6183BD07-B13A-48C1-8B03-DAA21C97BA7F}"
EndProject
Project("{FAE04EC0-301F-11D3-BF4B-00C04F79EFBC}") = "ParkingPracticeTests", "ParkingPracticeTests\ParkingPracticeTests.csproj", "{09455173-AD53-44F5-959D-C8562ECD3333}"
EndProject
Global
	GlobalSection(SolutionConfigurationPlatforms) = preSolution
		Debug|Any CPU = Debug|Any CPU
		Release|Any CPU = Release|Any CPU
	EndGlobalSection
	GlobalSection(ProjectConfigurationPlatforms) = postSolution
		{6183BD07-B13A-48C1-8B03-DAA21C97BA7F}.Debug|Any CPU.ActiveCfg = Debug|Any CPU
		{6183BD07-B13A-48C1-8B03-DAA21C97BA7F}.Debug|Any CPU.Build.0 = Debug|Any CPU
		{6183BD07-B13A-48C1-8B03-DAA21C97BA7F}.Release|Any CPU.ActiveCfg = Release|Any CPU
		{6183BD07-B13A-48C1-8B03-DAA21C97BA7F}.Release|Any CPU.Build.0 = Release|Any CPU
		{09455173-AD53-44F5-959D-C8562ECD3333}.Debug|Any CPU.ActiveCfg = Debug|Any CPU
		{09455173-AD53-44F5-959D-C8562ECD3333}.Debug|Any CPU.Build.0 = Debug|Any CPU
		{09455173-AD53-44F5-959D-C8562ECD3333}.Release|Any CPU.ActiveCfg = Release|Any CPU
		{09455173-AD53-44F5-959D-C8562ECD3333}.Release|Any CPU.Build.0 = Release|Any CPU
	EndGlobalSection
	GlobalSection(SolutionProperties) = preSolution
		HideSolutionNode = FALSE
	EndGlobalSection
	GlobalSection(ExtensibilityGlobals) = postSolution
		SolutionGuid = {4EAA4CEA-8683-4905-9F3E-17570C7F0CF6}
	EndGlobalSection
EndGlobal
